
Microsoft Visual Studio Solution File, Format Version 11.00
# Visual Studio 2010
Project("{8BC9CEB8-8B4A-11D0-8D11-00A0C91BC942}") = "nsCommon", "nsCommon\nsCommon.vcxproj", "{BCA5E283-9F75-46EF-BC64-D65DFA13E5F3}"
EndProject
Global
	GlobalSection(SolutionConfigurationPlatforms) = preSolution
		Debug|Win32 = Debug|Win32
		Release|Win32 = Release|Win32
	EndGlobalSection
	GlobalSection(ProjectConfigurationPlatforms) = postSolution
		{BCA5E283-9F75-46EF-BC64-D65DFA13E5F3}.Debug|Win32.ActiveCfg = Debug|Win32
		{BCA5E283-9F75-46EF-BC64-D65DFA13E5F3}.Debug|Win32.Build.0 = Debug|Win32
		{BCA5E283-9F75-46EF-BC64-D65DFA13E5F3}.Release|Win32.ActiveCfg = Release|Win32
		{BCA5E283-9F75-46EF-BC64-D65DFA13E5F3}.Release|Win32.Build.0 = Release|Win32
	EndGlobalSection
	GlobalSection(SolutionProperties) = preSolution
		HideSolutionNode = FALSE
	EndGlobalSection
EndGlobal
